<?xml version="1.0"?>
<CONFIG>
  <ProjectOptions>
    <Version Value="9"/>
    <General>
      <MainUnit Value="0"/>
      <Title Value="CTT Transistor tester"/>
      <UseXPManifest Value="True"/>
      <Icon Value="0"/>
      <ActiveWindowIndexAtStart Value="0"/>
    </General>
    <i18n>
      <EnableI18N Value="True"/>
    </i18n>
    <VersionInfo>
      <UseVersionInfo Value="True"/>
      <AutoIncrementBuild Value="True"/>
      <MinorVersionNr Value="1"/>
      <BuildNr Value="665"/>
      <StringTable FileDescription="Computer controlled Transistor Tester" LegalCopyright="(C)2010 Pozsár Zsolt" OriginalFilename="ctt.exe" ProductVersion="0.1.0.0"/>
    </VersionInfo>
    <BuildModes Count="1">
      <Item1 Name="default" Default="True"/>
    </BuildModes>
    <PublishOptions>
      <Version Value="2"/>
      <IgnoreBinaries Value="False"/>
      <IncludeFileFilter Value="*.(pas|pp|inc|lfm|lpr|lrs|lpi|lpk|sh|xml)"/>
      <ExcludeFileFilter Value="*.(bak|ppu|ppw|o|so);*~;backup"/>
    </PublishOptions>
    <RunParams>
      <local>
        <FormatVersion Value="1"/>
        <LaunchingApplication PathPlusParams="/usr/X11R6/bin/xterm -T 'Lazarus Run Output' -e $(LazarusDir)/tools/runwait.sh $(TargetCmdLine)"/>
      </local>
    </RunParams>
    <RequiredPackages Count="2">
      <Item1>
        <PackageName Value="FCL"/>
        <MinVersion Major="1" Valid="True"/>
      </Item1>
      <Item2>
        <PackageName Value="LCL"/>
      </Item2>
    </RequiredPackages>
    <Units Count="10">
      <Unit0>
        <Filename Value="ctt.lpr"/>
        <IsPartOfProject Value="True"/>
        <UnitName Value="ctt"/>
        <EditorIndex Value="2"/>
        <WindowIndex Value="0"/>
        <TopLine Value="1"/>
        <CursorPos X="1" Y="3"/>
        <UsageCount Value="106"/>
        <Loaded Value="True"/>
        <LoadedDesigner Value="True"/>
      </Unit0>
      <Unit1>
        <Filename Value="frmmain.pp"/>
        <IsPartOfProject Value="True"/>
        <ComponentName Value="Form1"/>
        <ResourceBaseClass Value="Form"/>
        <UnitName Value="frmmain"/>
        <EditorIndex Value="0"/>
        <WindowIndex Value="0"/>
        <TopLine Value="889"/>
        <CursorPos X="26" Y="1151"/>
        <UsageCount Value="106"/>
        <Loaded Value="True"/>
        <LoadedDesigner Value="True"/>
      </Unit1>
      <Unit2>
        <Filename Value="frmabout.pp"/>
        <IsPartOfProject Value="True"/>
        <ComponentName Value="Form2"/>
        <ResourceBaseClass Value="Form"/>
        <UnitName Value="frmabout"/>
        <EditorIndex Value="4"/>
        <WindowIndex Value="0"/>
        <TopLine Value="1"/>
        <CursorPos X="1" Y="3"/>
        <UsageCount Value="105"/>
        <Loaded Value="True"/>
        <LoadedDesigner Value="True"/>
      </Unit2>
      <Unit3>
        <Filename Value="frmserial.pp"/>
        <IsPartOfProject Value="True"/>
        <ComponentName Value="Form3"/>
        <ResourceBaseClass Value="Form"/>
        <UnitName Value="frmserial"/>
        <EditorIndex Value="3"/>
        <WindowIndex Value="0"/>
        <TopLine Value="1"/>
        <CursorPos X="1" Y="3"/>
        <UsageCount Value="105"/>
        <Loaded Value="True"/>
        <LoadedDesigner Value="True"/>
      </Unit3>
      <Unit4>
        <Filename Value="commonproc.pp"/>
        <IsPartOfProject Value="True"/>
        <UnitName Value="commonproc"/>
        <IsVisibleTab Value="True"/>
        <EditorIndex Value="5"/>
        <WindowIndex Value="0"/>
        <TopLine Value="39"/>
        <CursorPos X="11" Y="72"/>
        <UsageCount Value="103"/>
        <Loaded Value="True"/>
      </Unit4>
      <Unit5>
        <Filename Value="frmpref.pp"/>
        <IsPartOfProject Value="True"/>
        <ComponentName Value="Form4"/>
        <ResourceBaseClass Value="Form"/>
        <UnitName Value="frmpref"/>
        <EditorIndex Value="7"/>
        <WindowIndex Value="0"/>
        <TopLine Value="1"/>
        <CursorPos X="1" Y="3"/>
        <UsageCount Value="101"/>
        <Loaded Value="True"/>
        <LoadedDesigner Value="True"/>
      </Unit5>
      <Unit6>
        <Filename Value=""/>
        <SyntaxHighlighter Value="None"/>
        <UsageCount Value="10"/>
      </Unit6>
      <Unit7>
        <Filename Value="synapse/synaip.pas"/>
        <UnitName Value="synaip"/>
        <TopLine Value="1"/>
        <CursorPos X="1" Y="1"/>
        <UsageCount Value="14"/>
      </Unit7>
      <Unit8>
        <Filename Value="demodata.pp"/>
        <IsPartOfProject Value="True"/>
        <UnitName Value="demodata"/>
        <EditorIndex Value="6"/>
        <WindowIndex Value="0"/>
        <TopLine Value="1"/>
        <CursorPos X="1" Y="3"/>
        <UsageCount Value="36"/>
        <Loaded Value="True"/>
      </Unit8>
      <Unit9>
        <Filename Value="frmdetails.pp"/>
        <IsPartOfProject Value="True"/>
        <ComponentName Value="Form5"/>
        <ResourceBaseClass Value="Form"/>
        <UnitName Value="frmdetails"/>
        <EditorIndex Value="1"/>
        <WindowIndex Value="0"/>
        <TopLine Value="53"/>
        <CursorPos X="69" Y="59"/>
        <UsageCount Value="27"/>
        <Loaded Value="True"/>
        <LoadedDesigner Value="True"/>
      </Unit9>
    </Units>
    <JumpHistory Count="30" HistoryIndex="29">
      <Position1>
        <Filename Value="frmdetails.pp"/>
        <Caret Line="62" Column="7" TopLine="40"/>
      </Position1>
      <Position2>
        <Filename Value="frmdetails.pp"/>
        <Caret Line="64" Column="27" TopLine="46"/>
      </Position2>
      <Position3>
        <Filename Value="frmdetails.pp"/>
        <Caret Line="63" Column="53" TopLine="46"/>
      </Position3>
      <Position4>
        <Filename Value="frmdetails.pp"/>
        <Caret Line="59" Column="18" TopLine="46"/>
      </Position4>
      <Position5>
        <Filename Value="commonproc.pp"/>
        <Caret Line="188" Column="1" TopLine="166"/>
      </Position5>
      <Position6>
        <Filename Value="frmdetails.pp"/>
        <Caret Line="66" Column="53" TopLine="49"/>
      </Position6>
      <Position7>
        <Filename Value="frmmain.pp"/>
        <Caret Line="6" Column="14" TopLine="1"/>
      </Position7>
      <Position8>
        <Filename Value="frmmain.pp"/>
        <Caret Line="753" Column="3" TopLine="747"/>
      </Position8>
      <Position9>
        <Filename Value="frmmain.pp"/>
        <Caret Line="754" Column="3" TopLine="748"/>
      </Position9>
      <Position10>
        <Filename Value="frmmain.pp"/>
        <Caret Line="753" Column="3" TopLine="747"/>
      </Position10>
      <Position11>
        <Filename Value="frmmain.pp"/>
        <Caret Line="754" Column="3" TopLine="748"/>
      </Position11>
      <Position12>
        <Filename Value="frmmain.pp"/>
        <Caret Line="755" Column="3" TopLine="749"/>
      </Position12>
      <Position13>
        <Filename Value="frmmain.pp"/>
        <Caret Line="756" Column="3" TopLine="750"/>
      </Position13>
      <Position14>
        <Filename Value="frmmain.pp"/>
        <Caret Line="757" Column="3" TopLine="751"/>
      </Position14>
      <Position15>
        <Filename Value="frmmain.pp"/>
        <Caret Line="756" Column="3" TopLine="750"/>
      </Position15>
      <Position16>
        <Filename Value="frmmain.pp"/>
        <Caret Line="755" Column="3" TopLine="749"/>
      </Position16>
      <Position17>
        <Filename Value="frmmain.pp"/>
        <Caret Line="754" Column="3" TopLine="748"/>
      </Position17>
      <Position18>
        <Filename Value="frmmain.pp"/>
        <Caret Line="755" Column="3" TopLine="749"/>
      </Position18>
      <Position19>
        <Filename Value="frmmain.pp"/>
        <Caret Line="756" Column="3" TopLine="750"/>
      </Position19>
      <Position20>
        <Filename Value="frmmain.pp"/>
        <Caret Line="755" Column="3" TopLine="749"/>
      </Position20>
      <Position21>
        <Filename Value="frmmain.pp"/>
        <Caret Line="754" Column="3" TopLine="748"/>
      </Position21>
      <Position22>
        <Filename Value="frmmain.pp"/>
        <Caret Line="855" Column="3" TopLine="852"/>
      </Position22>
      <Position23>
        <Filename Value="frmmain.pp"/>
        <Caret Line="865" Column="3" TopLine="862"/>
      </Position23>
      <Position24>
        <Filename Value="frmmain.pp"/>
        <Caret Line="875" Column="3" TopLine="872"/>
      </Position24>
      <Position25>
        <Filename Value="frmmain.pp"/>
        <Caret Line="901" Column="3" TopLine="898"/>
      </Position25>
      <Position26>
        <Filename Value="frmmain.pp"/>
        <Caret Line="986" Column="1" TopLine="982"/>
      </Position26>
      <Position27>
        <Filename Value="frmmain.pp"/>
        <Caret Line="1107" Column="1" TopLine="1097"/>
      </Position27>
      <Position28>
        <Filename Value="frmmain.pp"/>
        <Caret Line="1064" Column="1" TopLine="1037"/>
      </Position28>
      <Position29>
        <Filename Value="frmmain.pp"/>
        <Caret Line="1056" Column="3" TopLine="1054"/>
      </Position29>
      <Position30>
        <Filename Value="frmmain.pp"/>
        <Caret Line="1060" Column="1" TopLine="1059"/>
      </Position30>
    </JumpHistory>
  </ProjectOptions>
  <CompilerOptions>
    <Version Value="9"/>
    <SearchPaths>
      <IncludeFiles Value="$(ProjOutDir)"/>
      <OtherUnitFiles Value="synapse;convert"/>
    </SearchPaths>
    <Parsing>
      <SyntaxOptions>
        <UseAnsiStrings Value="False"/>
      </SyntaxOptions>
    </Parsing>
    <Linking>
      <Debugging>
        <UseLineInfoUnit Value="False"/>
      </Debugging>
      <Options>
        <Win32>
          <GraphicApplication Value="True"/>
        </Win32>
      </Options>
    </Linking>
    <Other>
      <Verbosity>
        <ShowWarn Value="False"/>
        <ShowNotes Value="False"/>
        <ShowHints Value="False"/>
      </Verbosity>
      <WriteFPCLogo Value="False"/>
      <CompilerPath Value="$(CompPath)"/>
      <CreateMakefileOnBuild Value="True"/>
    </Other>
  </CompilerOptions>
  <Debugging>
    <Exceptions Count="3">
      <Item1>
        <Name Value="EAbort"/>
      </Item1>
      <Item2>
        <Name Value="ECodetoolError"/>
      </Item2>
      <Item3>
        <Name Value="EFOpenError"/>
      </Item3>
    </Exceptions>
  </Debugging>
</CONFIG>
