<?xml version="1.0"?>
<CONFIG>
  <ProjectOptions>
    <Version Value="9"/>
    <General>
      <MainUnit Value="0"/>
      <Title Value="CTT Transistor tester"/>
      <UseXPManifest Value="True"/>
      <Icon Value="0"/>
      <ActiveWindowIndexAtStart Value="0"/>
    </General>
    <i18n>
      <EnableI18N Value="True"/>
      <OutDir Value="languages"/>
    </i18n>
    <VersionInfo>
      <UseVersionInfo Value="True"/>
      <MinorVersionNr Value="1"/>
      <StringTable FileDescription="Computer controlled transistor tester" LegalCopyright="(C)2010-2012 Pozsar Zsolt" OriginalFilename="ctt.exe" ProductName="CTT" ProductVersion=""/>
    </VersionInfo>
    <BuildModes Count="1">
      <Item1 Name="default" Default="True"/>
    </BuildModes>
    <PublishOptions>
      <Version Value="2"/>
      <IgnoreBinaries Value="False"/>
      <IncludeFileFilter Value="*.(pas|pp|inc|lfm|lpr|lrs|lpi|lpk|sh|xml)"/>
      <ExcludeFileFilter Value="*.(bak|ppu|ppw|o|so);*~;backup"/>
    </PublishOptions>
    <RunParams>
      <local>
        <FormatVersion Value="1"/>
        <LaunchingApplication PathPlusParams="/usr/X11R6/bin/xterm -T 'Lazarus Run Output' -e $(LazarusDir)/tools/runwait.sh $(TargetCmdLine)"/>
      </local>
    </RunParams>
    <RequiredPackages Count="3">
      <Item1>
        <PackageName Value="Printer4Lazarus"/>
        <MinVersion Minor="5" Valid="True"/>
      </Item1>
      <Item2>
        <PackageName Value="FCL"/>
        <MinVersion Major="1" Valid="True"/>
      </Item2>
      <Item3>
        <PackageName Value="LCL"/>
      </Item3>
    </RequiredPackages>
    <Units Count="12">
      <Unit0>
        <Filename Value="ctt.lpr"/>
        <IsPartOfProject Value="True"/>
        <UnitName Value="ctt"/>
        <EditorIndex Value="0"/>
        <WindowIndex Value="0"/>
        <TopLine Value="28"/>
        <CursorPos X="1" Y="52"/>
        <UsageCount Value="118"/>
        <Loaded Value="True"/>
        <LoadedDesigner Value="True"/>
      </Unit0>
      <Unit1>
        <Filename Value="frmmain.pp"/>
        <IsPartOfProject Value="True"/>
        <ComponentName Value="Form1"/>
        <ResourceBaseClass Value="Form"/>
        <UnitName Value="frmmain"/>
        <IsVisibleTab Value="True"/>
        <EditorIndex Value="1"/>
        <WindowIndex Value="0"/>
        <TopLine Value="1288"/>
        <CursorPos X="21" Y="1302"/>
        <UsageCount Value="118"/>
        <Loaded Value="True"/>
        <LoadedDesigner Value="True"/>
      </Unit1>
      <Unit2>
        <Filename Value="frmabout.pp"/>
        <IsPartOfProject Value="True"/>
        <ComponentName Value="Form2"/>
        <ResourceBaseClass Value="Form"/>
        <UnitName Value="frmabout"/>
        <EditorIndex Value="2"/>
        <WindowIndex Value="0"/>
        <TopLine Value="34"/>
        <CursorPos X="18" Y="59"/>
        <UsageCount Value="117"/>
        <Loaded Value="True"/>
        <LoadedDesigner Value="True"/>
      </Unit2>
      <Unit3>
        <Filename Value="frmserial.pp"/>
        <IsPartOfProject Value="True"/>
        <ComponentName Value="Form3"/>
        <ResourceBaseClass Value="Form"/>
        <UnitName Value="frmserial"/>
        <EditorIndex Value="4"/>
        <WindowIndex Value="0"/>
        <TopLine Value="11"/>
        <CursorPos X="39" Y="75"/>
        <UsageCount Value="117"/>
        <Loaded Value="True"/>
        <LoadedDesigner Value="True"/>
      </Unit3>
      <Unit4>
        <Filename Value="untcommonproc.pp"/>
        <IsPartOfProject Value="True"/>
        <UnitName Value="untcommonproc"/>
        <EditorIndex Value="7"/>
        <WindowIndex Value="0"/>
        <TopLine Value="453"/>
        <CursorPos X="56" Y="760"/>
        <UsageCount Value="115"/>
        <Loaded Value="True"/>
      </Unit4>
      <Unit5>
        <Filename Value="frmpref.pp"/>
        <IsPartOfProject Value="True"/>
        <ComponentName Value="Form4"/>
        <ResourceBaseClass Value="Form"/>
        <UnitName Value="frmpref"/>
        <EditorIndex Value="5"/>
        <WindowIndex Value="0"/>
        <TopLine Value="145"/>
        <CursorPos X="39" Y="172"/>
        <UsageCount Value="113"/>
        <Loaded Value="True"/>
        <LoadedDesigner Value="True"/>
      </Unit5>
      <Unit6>
        <Filename Value=""/>
        <UsageCount Value="10"/>
        <DefaultSyntaxHighlighter Value="None"/>
      </Unit6>
      <Unit7>
        <Filename Value="synapse/synaip.pas"/>
        <UnitName Value="synaip"/>
        <TopLine Value="1"/>
        <CursorPos X="1" Y="1"/>
        <UsageCount Value="14"/>
      </Unit7>
      <Unit8>
        <Filename Value="demodata.pp"/>
        <IsPartOfProject Value="True"/>
        <UnitName Value="demodata"/>
        <WindowIndex Value="0"/>
        <TopLine Value="1"/>
        <CursorPos X="1" Y="3"/>
        <UsageCount Value="48"/>
      </Unit8>
      <Unit9>
        <Filename Value="frmdetails.pp"/>
        <IsPartOfProject Value="True"/>
        <ComponentName Value="Form5"/>
        <ResourceBaseClass Value="Form"/>
        <UnitName Value="frmdetails"/>
        <EditorIndex Value="3"/>
        <WindowIndex Value="0"/>
        <TopLine Value="1"/>
        <CursorPos X="4" Y="1"/>
        <UsageCount Value="39"/>
        <Loaded Value="True"/>
        <LoadedDesigner Value="True"/>
      </Unit9>
      <Unit10>
        <Filename Value="untchkregkey.pp"/>
        <UnitName Value="chkregkey"/>
        <WindowIndex Value="0"/>
        <TopLine Value="1"/>
        <CursorPos X="9" Y="9"/>
        <UsageCount Value="10"/>
      </Unit10>
      <Unit11>
        <Filename Value="untcheckregkey.pp"/>
        <UnitName Value="untcheckregkey"/>
        <EditorIndex Value="6"/>
        <WindowIndex Value="0"/>
        <TopLine Value="18"/>
        <CursorPos X="4" Y="2"/>
        <UsageCount Value="14"/>
        <Loaded Value="True"/>
      </Unit11>
    </Units>
    <JumpHistory Count="30" HistoryIndex="29">
      <Position1>
        <Filename Value="frmmain.pp"/>
        <Caret Line="278" Column="26" TopLine="265"/>
      </Position1>
      <Position2>
        <Filename Value="frmmain.pp"/>
        <Caret Line="17" Column="43" TopLine="1"/>
      </Position2>
      <Position3>
        <Filename Value="frmmain.pp"/>
        <Caret Line="122" Column="15" TopLine="99"/>
      </Position3>
      <Position4>
        <Filename Value="frmmain.pp"/>
        <Caret Line="523" Column="15" TopLine="498"/>
      </Position4>
      <Position5>
        <Filename Value="ctt.lpr"/>
        <Caret Line="2" Column="2" TopLine="1"/>
      </Position5>
      <Position6>
        <Filename Value="frmmain.pp"/>
        <Caret Line="292" Column="23" TopLine="269"/>
      </Position6>
      <Position7>
        <Filename Value="frmmain.pp"/>
        <Caret Line="1005" Column="38" TopLine="998"/>
      </Position7>
      <Position8>
        <Filename Value="frmmain.pp"/>
        <Caret Line="301" Column="36" TopLine="283"/>
      </Position8>
      <Position9>
        <Filename Value="frmmain.pp"/>
        <Caret Line="279" Column="30" TopLine="279"/>
      </Position9>
      <Position10>
        <Filename Value="frmmain.pp"/>
        <Caret Line="1154" Column="13" TopLine="1135"/>
      </Position10>
      <Position11>
        <Filename Value="frmmain.pp"/>
        <Caret Line="300" Column="28" TopLine="288"/>
      </Position11>
      <Position12>
        <Filename Value="frmmain.pp"/>
        <Caret Line="53" Column="53" TopLine="52"/>
      </Position12>
      <Position13>
        <Filename Value="frmmain.pp"/>
        <Caret Line="154" Column="25" TopLine="133"/>
      </Position13>
      <Position14>
        <Filename Value="frmmain.pp"/>
        <Caret Line="301" Column="19" TopLine="280"/>
      </Position14>
      <Position15>
        <Filename Value="frmmain.pp"/>
        <Caret Line="302" Column="19" TopLine="281"/>
      </Position15>
      <Position16>
        <Filename Value="frmmain.pp"/>
        <Caret Line="422" Column="26" TopLine="407"/>
      </Position16>
      <Position17>
        <Filename Value="frmmain.pp"/>
        <Caret Line="1207" Column="67" TopLine="1185"/>
      </Position17>
      <Position18>
        <Filename Value="frmmain.pp"/>
        <Caret Line="1160" Column="1" TopLine="1151"/>
      </Position18>
      <Position19>
        <Filename Value="frmmain.pp"/>
        <Caret Line="1167" Column="25" TopLine="1150"/>
      </Position19>
      <Position20>
        <Filename Value="ctt.lpr"/>
        <Caret Line="52" Column="1" TopLine="1"/>
      </Position20>
      <Position21>
        <Filename Value="ctt.lpr"/>
        <Caret Line="48" Column="46" TopLine="28"/>
      </Position21>
      <Position22>
        <Filename Value="frmmain.pp"/>
        <Caret Line="1148" Column="33" TopLine="1143"/>
      </Position22>
      <Position23>
        <Filename Value="ctt.lpr"/>
        <Caret Line="39" Column="64" TopLine="28"/>
      </Position23>
      <Position24>
        <Filename Value="ctt.lpr"/>
        <Caret Line="52" Column="1" TopLine="28"/>
      </Position24>
      <Position25>
        <Filename Value="frmmain.pp"/>
        <Caret Line="1170" Column="1" TopLine="1156"/>
      </Position25>
      <Position26>
        <Filename Value="frmmain.pp"/>
        <Caret Line="1177" Column="35" TopLine="1163"/>
      </Position26>
      <Position27>
        <Filename Value="ctt.lpr"/>
        <Caret Line="52" Column="1" TopLine="28"/>
      </Position27>
      <Position28>
        <Filename Value="frmmain.pp"/>
        <Caret Line="1305" Column="33" TopLine="1280"/>
      </Position28>
      <Position29>
        <Filename Value="frmmain.pp"/>
        <Caret Line="1313" Column="18" TopLine="1310"/>
      </Position29>
      <Position30>
        <Filename Value="frmmain.pp"/>
        <Caret Line="1246" Column="11" TopLine="1223"/>
      </Position30>
    </JumpHistory>
  </ProjectOptions>
  <CompilerOptions>
    <Version Value="9"/>
    <SearchPaths>
      <IncludeFiles Value="$(ProjOutDir)"/>
      <OtherUnitFiles Value="synapse;convert"/>
      <UnitOutputDirectory Value="lib/$(TargetCPU)-$(TargetOS)"/>
    </SearchPaths>
    <Parsing>
      <SyntaxOptions>
        <UseAnsiStrings Value="False"/>
      </SyntaxOptions>
    </Parsing>
    <Linking>
      <Debugging>
        <UseLineInfoUnit Value="False"/>
      </Debugging>
      <Options>
        <Win32>
          <GraphicApplication Value="True"/>
        </Win32>
      </Options>
    </Linking>
    <Other>
      <Verbosity>
        <ShowWarn Value="False"/>
        <ShowNotes Value="False"/>
        <ShowHints Value="False"/>
      </Verbosity>
      <WriteFPCLogo Value="False"/>
      <CompilerMessages>
        <UseMsgFile Value="True"/>
      </CompilerMessages>
      <CompilerPath Value="$(CompPath)"/>
      <CreateMakefileOnBuild Value="True"/>
    </Other>
  </CompilerOptions>
  <Debugging>
    <Exceptions Count="3">
      <Item1>
        <Name Value="EAbort"/>
      </Item1>
      <Item2>
        <Name Value="ECodetoolError"/>
      </Item2>
      <Item3>
        <Name Value="EFOpenError"/>
      </Item3>
    </Exceptions>
  </Debugging>
</CONFIG>
