<?xml version="1.0"?>
<CONFIG>
  <ProjectOptions>
    <Version Value="7"/>
    <General>
      <MainUnit Value="0"/>
      <TargetFileExt Value=""/>
      <Title Value="CTT Transistor tester"/>
      <Icon Value="0"/>
      <UseXPManifest Value="True"/>
      <ActiveEditorIndexAtStart Value="5"/>
    </General>
    <i18n>
      <EnableI18N Value="True"/>
    </i18n>
    <VersionInfo>
      <UseVersionInfo Value="True"/>
      <AutoIncrementBuild Value="True"/>
      <CurrentMajorRevNr Value="1"/>
      <CurrentBuildNr Value="665"/>
      <ProjectVersion Value="0.1.0.0"/>
      <FileDescription Value="Computer controlled Transistor Tester"/>
      <LegalCopyright Value="(C)2010 Pozsár Zsolt"/>
      <OriginalFilename Value="ctt.exe"/>
    </VersionInfo>
    <PublishOptions>
      <Version Value="2"/>
      <IgnoreBinaries Value="False"/>
      <IncludeFileFilter Value="*.(pas|pp|inc|lfm|lpr|lrs|lpi|lpk|sh|xml)"/>
      <ExcludeFileFilter Value="*.(bak|ppu|ppw|o|so);*~;backup"/>
    </PublishOptions>
    <RunParams>
      <local>
        <FormatVersion Value="1"/>
        <LaunchingApplication PathPlusParams="/usr/X11R6/bin/xterm -T 'Lazarus Run Output' -e $(LazarusDir)/tools/runwait.sh $(TargetCmdLine)"/>
      </local>
    </RunParams>
    <RequiredPackages Count="2">
      <Item1>
        <PackageName Value="FCL"/>
        <MinVersion Major="1" Valid="True"/>
      </Item1>
      <Item2>
        <PackageName Value="LCL"/>
      </Item2>
    </RequiredPackages>
    <Units Count="10">
      <Unit0>
        <Filename Value="ctt.lpr"/>
        <IsPartOfProject Value="True"/>
        <UnitName Value="ctt"/>
        <CursorPos X="1" Y="3"/>
        <TopLine Value="1"/>
        <EditorIndex Value="2"/>
        <UsageCount Value="104"/>
        <Loaded Value="True"/>
      </Unit0>
      <Unit1>
        <Filename Value="frmmain.pp"/>
        <IsPartOfProject Value="True"/>
        <ComponentName Value="Form1"/>
        <ResourceBaseClass Value="Form"/>
        <UnitName Value="frmmain"/>
        <CursorPos X="14" Y="6"/>
        <TopLine Value="6"/>
        <EditorIndex Value="0"/>
        <UsageCount Value="104"/>
        <Loaded Value="True"/>
      </Unit1>
      <Unit2>
        <Filename Value="frmabout.pp"/>
        <IsPartOfProject Value="True"/>
        <ComponentName Value="Form2"/>
        <ResourceBaseClass Value="Form"/>
        <UnitName Value="frmabout"/>
        <CursorPos X="1" Y="3"/>
        <TopLine Value="1"/>
        <EditorIndex Value="4"/>
        <UsageCount Value="103"/>
        <Loaded Value="True"/>
      </Unit2>
      <Unit3>
        <Filename Value="frmserial.pp"/>
        <IsPartOfProject Value="True"/>
        <ComponentName Value="Form3"/>
        <ResourceBaseClass Value="Form"/>
        <UnitName Value="frmserial"/>
        <CursorPos X="1" Y="3"/>
        <TopLine Value="1"/>
        <EditorIndex Value="3"/>
        <UsageCount Value="103"/>
        <Loaded Value="True"/>
      </Unit3>
      <Unit4>
        <Filename Value="commonproc.pp"/>
        <IsPartOfProject Value="True"/>
        <UnitName Value="commonproc"/>
        <CursorPos X="73" Y="227"/>
        <TopLine Value="227"/>
        <EditorIndex Value="5"/>
        <UsageCount Value="101"/>
        <Loaded Value="True"/>
      </Unit4>
      <Unit5>
        <Filename Value="frmpref.pp"/>
        <IsPartOfProject Value="True"/>
        <ComponentName Value="Form4"/>
        <ResourceBaseClass Value="Form"/>
        <UnitName Value="frmpref"/>
        <CursorPos X="1" Y="3"/>
        <TopLine Value="1"/>
        <EditorIndex Value="7"/>
        <UsageCount Value="99"/>
        <Loaded Value="True"/>
      </Unit5>
      <Unit6>
        <Filename Value=""/>
        <UsageCount Value="10"/>
        <SyntaxHighlighter Value="None"/>
      </Unit6>
      <Unit7>
        <Filename Value="synapse/synaip.pas"/>
        <UnitName Value="synaip"/>
        <CursorPos X="1" Y="1"/>
        <TopLine Value="1"/>
        <UsageCount Value="14"/>
      </Unit7>
      <Unit8>
        <Filename Value="demodata.pp"/>
        <IsPartOfProject Value="True"/>
        <UnitName Value="demodata"/>
        <CursorPos X="1" Y="3"/>
        <TopLine Value="1"/>
        <EditorIndex Value="6"/>
        <UsageCount Value="34"/>
        <Loaded Value="True"/>
      </Unit8>
      <Unit9>
        <Filename Value="frmdetails.pp"/>
        <IsPartOfProject Value="True"/>
        <ComponentName Value="Form5"/>
        <ResourceBaseClass Value="Form"/>
        <UnitName Value="frmdetails"/>
        <CursorPos X="69" Y="59"/>
        <TopLine Value="53"/>
        <EditorIndex Value="1"/>
        <UsageCount Value="25"/>
        <Loaded Value="True"/>
      </Unit9>
    </Units>
    <JumpHistory Count="30" HistoryIndex="29">
      <Position1>
        <Filename Value="frmmain.pp"/>
        <Caret Line="326" Column="54" TopLine="314"/>
      </Position1>
      <Position2>
        <Filename Value="frmmain.pp"/>
        <Caret Line="601" Column="1" TopLine="577"/>
      </Position2>
      <Position3>
        <Filename Value="frmdetails.pp"/>
        <Caret Line="1" Column="1" TopLine="1"/>
      </Position3>
      <Position4>
        <Filename Value="frmmain.pp"/>
        <Caret Line="599" Column="3" TopLine="596"/>
      </Position4>
      <Position5>
        <Filename Value="commonproc.pp"/>
        <Caret Line="1" Column="1" TopLine="1"/>
      </Position5>
      <Position6>
        <Filename Value="commonproc.pp"/>
        <Caret Line="145" Column="67" TopLine="133"/>
      </Position6>
      <Position7>
        <Filename Value="frmmain.pp"/>
        <Caret Line="20" Column="43" TopLine="1"/>
      </Position7>
      <Position8>
        <Filename Value="frmdetails.pp"/>
        <Caret Line="39" Column="1" TopLine="16"/>
      </Position8>
      <Position9>
        <Filename Value="frmdetails.pp"/>
        <Caret Line="38" Column="1" TopLine="15"/>
      </Position9>
      <Position10>
        <Filename Value="frmdetails.pp"/>
        <Caret Line="43" Column="1" TopLine="19"/>
      </Position10>
      <Position11>
        <Filename Value="frmdetails.pp"/>
        <Caret Line="44" Column="1" TopLine="20"/>
      </Position11>
      <Position12>
        <Filename Value="frmdetails.pp"/>
        <Caret Line="45" Column="1" TopLine="21"/>
      </Position12>
      <Position13>
        <Filename Value="frmdetails.pp"/>
        <Caret Line="46" Column="1" TopLine="22"/>
      </Position13>
      <Position14>
        <Filename Value="frmdetails.pp"/>
        <Caret Line="47" Column="1" TopLine="23"/>
      </Position14>
      <Position15>
        <Filename Value="frmdetails.pp"/>
        <Caret Line="48" Column="1" TopLine="24"/>
      </Position15>
      <Position16>
        <Filename Value="frmdetails.pp"/>
        <Caret Line="49" Column="1" TopLine="25"/>
      </Position16>
      <Position17>
        <Filename Value="frmdetails.pp"/>
        <Caret Line="50" Column="1" TopLine="26"/>
      </Position17>
      <Position18>
        <Filename Value="frmdetails.pp"/>
        <Caret Line="51" Column="1" TopLine="27"/>
      </Position18>
      <Position19>
        <Filename Value="frmdetails.pp"/>
        <Caret Line="52" Column="1" TopLine="28"/>
      </Position19>
      <Position20>
        <Filename Value="frmdetails.pp"/>
        <Caret Line="51" Column="1" TopLine="28"/>
      </Position20>
      <Position21>
        <Filename Value="frmdetails.pp"/>
        <Caret Line="50" Column="1" TopLine="27"/>
      </Position21>
      <Position22>
        <Filename Value="frmdetails.pp"/>
        <Caret Line="51" Column="1" TopLine="27"/>
      </Position22>
      <Position23>
        <Filename Value="frmdetails.pp"/>
        <Caret Line="50" Column="1" TopLine="27"/>
      </Position23>
      <Position24>
        <Filename Value="frmdetails.pp"/>
        <Caret Line="57" Column="1" TopLine="33"/>
      </Position24>
      <Position25>
        <Filename Value="frmdetails.pp"/>
        <Caret Line="62" Column="7" TopLine="40"/>
      </Position25>
      <Position26>
        <Filename Value="frmdetails.pp"/>
        <Caret Line="64" Column="27" TopLine="46"/>
      </Position26>
      <Position27>
        <Filename Value="frmdetails.pp"/>
        <Caret Line="63" Column="53" TopLine="46"/>
      </Position27>
      <Position28>
        <Filename Value="frmdetails.pp"/>
        <Caret Line="59" Column="18" TopLine="46"/>
      </Position28>
      <Position29>
        <Filename Value="commonproc.pp"/>
        <Caret Line="188" Column="1" TopLine="166"/>
      </Position29>
      <Position30>
        <Filename Value="frmdetails.pp"/>
        <Caret Line="66" Column="53" TopLine="49"/>
      </Position30>
    </JumpHistory>
  </ProjectOptions>
  <CompilerOptions>
    <Version Value="8"/>
    <SearchPaths>
      <IncludeFiles Value="$(ProjOutDir)/"/>
      <OtherUnitFiles Value="synapse/;convert/"/>
    </SearchPaths>
    <Linking>
      <Debugging>
        <UseLineInfoUnit Value="False"/>
      </Debugging>
      <Options>
        <Win32>
          <GraphicApplication Value="True"/>
        </Win32>
      </Options>
    </Linking>
    <Other>
      <Verbosity>
        <ShowWarn Value="False"/>
        <ShowNotes Value="False"/>
        <ShowHints Value="False"/>
      </Verbosity>
      <WriteFPCLogo Value="False"/>
      <CompilerPath Value="$(CompPath)"/>
      <CreateMakefileOnBuild Value="True"/>
    </Other>
  </CompilerOptions>
  <Debugging>
    <Exceptions Count="3">
      <Item1>
        <Name Value="EAbort"/>
      </Item1>
      <Item2>
        <Name Value="ECodetoolError"/>
      </Item2>
      <Item3>
        <Name Value="EFOpenError"/>
      </Item3>
    </Exceptions>
  </Debugging>
</CONFIG>
